
Microsoft Visual Studio Solution File, Format Version 12.00
# Visual Studio Version 16
VisualStudioVersion = 16.0.31005.135
MinimumVisualStudioVersion = 10.0.40219.1
Project("{FAE04EC0-301F-11D3-BF4B-00C04F79EFBC}") = "WpfAntSimulator", "WpfAntSimulator.csproj", "{49F51476-CC04-43AE-A6C6-3442DF665CDF}"
EndProject
Global
	GlobalSection(SolutionConfigurationPlatforms) = preSolution
		Debug|Any CPU = Debug|Any CPU
		Release|Any CPU = Release|Any CPU
	EndGlobalSection
	GlobalSection(ProjectConfigurationPlatforms) = postSolution
		{49F51476-CC04-43AE-A6C6-3442DF665CDF}.Debug|Any CPU.ActiveCfg = Debug|Any CPU
		{49F51476-CC04-43AE-A6C6-3442DF665CDF}.Debug|Any CPU.Build.0 = Debug|Any CPU
		{49F51476-CC04-43AE-A6C6-3442DF665CDF}.Release|Any CPU.ActiveCfg = Release|Any CPU
		{49F51476-CC04-43AE-A6C6-3442DF665CDF}.Release|Any CPU.Build.0 = Release|Any CPU
	EndGlobalSection
	GlobalSection(SolutionProperties) = preSolution
		HideSolutionNode = FALSE
	EndGlobalSection
	GlobalSection(ExtensibilityGlobals) = postSolution
		SolutionGuid = {7457638B-A02B-495E-B284-15193C973587}
	EndGlobalSection
EndGlobal
